
Microsoft Visual Studio Solution File, Format Version 12.00
# Visual Studio Version 16
VisualStudioVersion = 16.0.29806.167
MinimumVisualStudioVersion = 10.0.40219.1
Project("{8BC9CEB8-8B4A-11D0-8D11-00A0C91BC942}") = "VulkanBase", "VulkanBase\VulkanBase.vcxproj", "{C8E0858A-98F1-4B8D-81D0-A710AF9FB455}"
EndProject
Project("{8BC9CEB8-8B4A-11D0-8D11-00A0C91BC942}") = "deferred", "deferred\deferred.vcxproj", "{F1F1DF7E-6C99-48A6-8A9E-52C726D47C31}"
EndProject
Project("{8BC9CEB8-8B4A-11D0-8D11-00A0C91BC942}") = "shadow", "shadow\shadow.vcxproj", "{497B93E8-9A66-4857-ADBE-549489DA8F01}"
EndProject
Global
	GlobalSection(SolutionConfigurationPlatforms) = preSolution
		Debug|x64 = Debug|x64
		Debug|x86 = Debug|x86
		Release|x64 = Release|x64
		Release|x86 = Release|x86
	EndGlobalSection
	GlobalSection(ProjectConfigurationPlatforms) = postSolution
		{C8E0858A-98F1-4B8D-81D0-A710AF9FB455}.Debug|x64.ActiveCfg = Debug|x64
		{C8E0858A-98F1-4B8D-81D0-A710AF9FB455}.Debug|x86.ActiveCfg = Debug|Win32
		{C8E0858A-98F1-4B8D-81D0-A710AF9FB455}.Debug|x86.Build.0 = Debug|Win32
		{C8E0858A-98F1-4B8D-81D0-A710AF9FB455}.Release|x64.ActiveCfg = Debug|x64
		{C8E0858A-98F1-4B8D-81D0-A710AF9FB455}.Release|x86.ActiveCfg = Release|Win32
		{C8E0858A-98F1-4B8D-81D0-A710AF9FB455}.Release|x86.Build.0 = Release|Win32
		{F1F1DF7E-6C99-48A6-8A9E-52C726D47C31}.Debug|x64.ActiveCfg = Debug|x64
		{F1F1DF7E-6C99-48A6-8A9E-52C726D47C31}.Debug|x64.Build.0 = Debug|x64
		{F1F1DF7E-6C99-48A6-8A9E-52C726D47C31}.Debug|x86.ActiveCfg = Debug|Win32
		{F1F1DF7E-6C99-48A6-8A9E-52C726D47C31}.Debug|x86.Build.0 = Debug|Win32
		{F1F1DF7E-6C99-48A6-8A9E-52C726D47C31}.Release|x64.ActiveCfg = Debug|x64
		{F1F1DF7E-6C99-48A6-8A9E-52C726D47C31}.Release|x64.Build.0 = Debug|x64
		{F1F1DF7E-6C99-48A6-8A9E-52C726D47C31}.Release|x86.ActiveCfg = Release|Win32
		{F1F1DF7E-6C99-48A6-8A9E-52C726D47C31}.Release|x86.Build.0 = Release|Win32
		{497B93E8-9A66-4857-ADBE-549489DA8F01}.Debug|x64.ActiveCfg = Debug|x64
		{497B93E8-9A66-4857-ADBE-549489DA8F01}.Debug|x64.Build.0 = Debug|x64
		{497B93E8-9A66-4857-ADBE-549489DA8F01}.Debug|x86.ActiveCfg = Debug|Win32
		{497B93E8-9A66-4857-ADBE-549489DA8F01}.Debug|x86.Build.0 = Debug|Win32
		{497B93E8-9A66-4857-ADBE-549489DA8F01}.Release|x64.ActiveCfg = Release|x64
		{497B93E8-9A66-4857-ADBE-549489DA8F01}.Release|x64.Build.0 = Release|x64
		{497B93E8-9A66-4857-ADBE-549489DA8F01}.Release|x86.ActiveCfg = Release|Win32
		{497B93E8-9A66-4857-ADBE-549489DA8F01}.Release|x86.Build.0 = Release|Win32
	EndGlobalSection
	GlobalSection(SolutionProperties) = preSolution
		HideSolutionNode = FALSE
	EndGlobalSection
	GlobalSection(ExtensibilityGlobals) = postSolution
		SolutionGuid = {8C8477EB-6D32-40F4-B854-2F19C5598391}
	EndGlobalSection
EndGlobal
