<?xml version="1.0" encoding="utf-8"?>
<Project ToolsVersion="4.0" xmlns="http://schemas.microsoft.com/developer/msbuild/2003">
  <ItemGroup>
    <Filter Include="源文件">
      <UniqueIdentifier>{4FC737F1-C7A5-4376-A066-2A32D752A2FF}</UniqueIdentifier>
      <Extensions>cpp;c;cc;cxx;def;odl;idl;hpj;bat;asm;asmx</Extensions>
    </Filter>
    <Filter Include="头文件">
      <UniqueIdentifier>{93995380-89BD-4b04-88EB-625FBE52EBFB}</UniqueIdentifier>
      <Extensions>h;hh;hpp;hxx;hm;inl;inc;ipp;xsd</Extensions>
    </Filter>
    <Filter Include="dependency">
      <UniqueIdentifier>{c52caf84-9425-47cb-b7e6-73f89ca6a397}</UniqueIdentifier>
    </Filter>
    <Filter Include="dependency\tinyObj">
      <UniqueIdentifier>{c60662ef-6469-46a7-88f8-fbaffb53523c}</UniqueIdentifier>
    </Filter>
    <Filter Include="dependency\meshOpti">
      <UniqueIdentifier>{cead051b-bbd7-476f-8250-655006733f7b}</UniqueIdentifier>
    </Filter>
    <Filter Include="dependency\stbImage">
      <UniqueIdentifier>{6538b8a1-fa88-4f7d-80b2-169bd7d34ce3}</UniqueIdentifier>
    </Filter>
  </ItemGroup>
  <ItemGroup>
    <ClCompile Include="src\AppBase.cpp">
      <Filter>源文件</Filter>
    </ClCompile>
    <ClCompile Include="src\Log.cpp">
      <Filter>源文件</Filter>
    </ClCompile>
    <ClCompile Include="src\Surface.cpp">
      <Filter>源文件</Filter>
    </ClCompile>
    <ClCompile Include="src\SwapChainImage.cpp">
      <Filter>源文件</Filter>
    </ClCompile>
    <ClCompile Include="src\VulkanBuffer.cpp">
      <Filter>源文件</Filter>
    </ClCompile>
    <ClCompile Include="src\VulkanCommandPool.cpp">
      <Filter>源文件</Filter>
    </ClCompile>
    <ClCompile Include="src\VulKanDebug.cpp">
      <Filter>源文件</Filter>
    </ClCompile>
    <ClCompile Include="src\VulkanDescriptorSetLayout.cpp">
      <Filter>源文件</Filter>
    </ClCompile>
    <ClCompile Include="src\VulkanDevice.cpp">
      <Filter>源文件</Filter>
    </ClCompile>
    <ClCompile Include="src\VulkanInstance.cpp">
      <Filter>源文件</Filter>
    </ClCompile>
    <ClCompile Include="src\VulkanPhysicalDevice.cpp">
      <Filter>源文件</Filter>
    </ClCompile>
    <ClCompile Include="src\VulkanPipeline.cpp">
      <Filter>源文件</Filter>
    </ClCompile>
    <ClCompile Include="src\VulkanPipelineLayout.cpp">
      <Filter>源文件</Filter>
    </ClCompile>
    <ClCompile Include="src\VulkanQueue.cpp">
      <Filter>源文件</Filter>
    </ClCompile>
    <ClCompile Include="src\VulkanRenderPass.cpp">
      <Filter>源文件</Filter>
    </ClCompile>
    <ClCompile Include="src\VulkanSwapChain.cpp">
      <Filter>源文件</Filter>
    </ClCompile>
    <ClCompile Include="src\Scene.cpp">
      <Filter>源文件</Filter>
    </ClCompile>
    <ClCompile Include="..\dependency\meshoptimizer\src\indexgenerator.cpp">
      <Filter>dependency\meshOpti</Filter>
    </ClCompile>
    <ClCompile Include="..\dependency\meshoptimizer\src\overdrawoptimizer.cpp">
      <Filter>dependency\meshOpti</Filter>
    </ClCompile>
    <ClCompile Include="..\dependency\meshoptimizer\src\vcacheoptimizer.cpp">
      <Filter>dependency\meshOpti</Filter>
    </ClCompile>
    <ClCompile Include="..\dependency\meshoptimizer\src\vfetchoptimizer.cpp">
      <Filter>dependency\meshOpti</Filter>
    </ClCompile>
    <ClCompile Include="..\dependency\tinyObj\tiny_obj_loader.cpp">
      <Filter>dependency\tinyObj</Filter>
    </ClCompile>
    <ClCompile Include="src\VulkanCommandBuffer.cpp">
      <Filter>源文件</Filter>
    </ClCompile>
    <ClCompile Include="src\VulkanDescriptorSet.cpp">
      <Filter>源文件</Filter>
    </ClCompile>
    <ClCompile Include="src\VulkanDescriptorPool.cpp">
      <Filter>源文件</Filter>
    </ClCompile>
    <ClCompile Include="src\VulkanFence.cpp">
      <Filter>源文件</Filter>
    </ClCompile>
    <ClCompile Include="src\Camera.cpp">
      <Filter>源文件</Filter>
    </ClCompile>
    <ClCompile Include="src\VulkanSemaphore.cpp">
      <Filter>源文件</Filter>
    </ClCompile>
    <ClCompile Include="src\UIRenderer.cpp">
      <Filter>源文件</Filter>
    </ClCompile>
    <ClCompile Include="..\dependency\stb_image\stb_image.cpp">
      <Filter>dependency\stbImage</Filter>
    </ClCompile>
    <ClCompile Include="src\VulkanImageSampler.cpp">
      <Filter>源文件</Filter>
    </ClCompile>
    <ClCompile Include="src\VulkanImageView.cpp">
      <Filter>源文件</Filter>
    </ClCompile>
    <ClCompile Include="src\VulkanImageBase.cpp">
      <Filter>源文件</Filter>
    </ClCompile>
    <ClCompile Include="src\VulkanImage.cpp">
      <Filter>源文件</Filter>
    </ClCompile>
    <ClCompile Include="src\VulkanShaderModule.cpp">
      <Filter>源文件</Filter>
    </ClCompile>
    <ClCompile Include="src\VulkanFrameBuffer.cpp">
      <Filter>源文件</Filter>
    </ClCompile>
  </ItemGroup>
  <ItemGroup>
    <ClInclude Include="src\AppBase.h">
      <Filter>头文件</Filter>
    </ClInclude>
    <ClInclude Include="src\Config.h">
      <Filter>头文件</Filter>
    </ClInclude>
    <ClInclude Include="src\DeviceObjectBase.h">
      <Filter>头文件</Filter>
    </ClInclude>
    <ClInclude Include="src\Log.h">
      <Filter>头文件</Filter>
    </ClInclude>
    <ClInclude Include="src\Surface.h">
      <Filter>头文件</Filter>
    </ClInclude>
    <ClInclude Include="src\SwapChainImage.h">
      <Filter>头文件</Filter>
    </ClInclude>
    <ClInclude Include="src\VulkanBuffer.h">
      <Filter>头文件</Filter>
    </ClInclude>
    <ClInclude Include="src\VulkanBufferBase.h">
      <Filter>头文件</Filter>
    </ClInclude>
    <ClInclude Include="src\VulkanCommandPool.h">
      <Filter>头文件</Filter>
    </ClInclude>
    <ClInclude Include="src\VulKanDebug.h">
      <Filter>头文件</Filter>
    </ClInclude>
    <ClInclude Include="src\VulkanDescriptorSetLayout.h">
      <Filter>头文件</Filter>
    </ClInclude>
    <ClInclude Include="src\VulkanDevice.h">
      <Filter>头文件</Filter>
    </ClInclude>
    <ClInclude Include="src\VulkanInstance.h">
      <Filter>头文件</Filter>
    </ClInclude>
    <ClInclude Include="src\VulkanPhysicalDevice.h">
      <Filter>头文件</Filter>
    </ClInclude>
    <ClInclude Include="src\VulkanPipeline.h">
      <Filter>头文件</Filter>
    </ClInclude>
    <ClInclude Include="src\VulkanPipelineLayout.h">
      <Filter>头文件</Filter>
    </ClInclude>
    <ClInclude Include="src\VulkanQueue.h">
      <Filter>头文件</Filter>
    </ClInclude>
    <ClInclude Include="src\VulkanRenderPass.h">
      <Filter>头文件</Filter>
    </ClInclude>
    <ClInclude Include="src\VulkanSwapChain.h">
      <Filter>头文件</Filter>
    </ClInclude>
    <ClInclude Include="src\Scene.h">
      <Filter>头文件</Filter>
    </ClInclude>
    <ClInclude Include="src\VulkanCommandBuffer.h">
      <Filter>头文件</Filter>
    </ClInclude>
    <ClInclude Include="src\VulkanDescriptorSet.h">
      <Filter>头文件</Filter>
    </ClInclude>
    <ClInclude Include="src\VulkanDescriptorPool.h">
      <Filter>头文件</Filter>
    </ClInclude>
    <ClInclude Include="src\VulkanFence.h">
      <Filter>头文件</Filter>
    </ClInclude>
    <ClInclude Include="src\Camera.h">
      <Filter>头文件</Filter>
    </ClInclude>
    <ClInclude Include="src\VulkanSemaphore.h">
      <Filter>头文件</Filter>
    </ClInclude>
    <ClInclude Include="src\UIRenderer.h">
      <Filter>头文件</Filter>
    </ClInclude>
    <ClInclude Include="src\VulkanImage.h">
      <Filter>头文件</Filter>
    </ClInclude>
    <ClInclude Include="src\VulkanImageBase.h">
      <Filter>头文件</Filter>
    </ClInclude>
    <ClInclude Include="src\VulkanImageSampler.h">
      <Filter>头文件</Filter>
    </ClInclude>
    <ClInclude Include="src\VulkanImageView.h">
      <Filter>头文件</Filter>
    </ClInclude>
    <ClInclude Include="src\VulkanShaderModule.h">
      <Filter>头文件</Filter>
    </ClInclude>
    <ClInclude Include="src\VulkanFrameBuffer.h">
      <Filter>头文件</Filter>
    </ClInclude>
  </ItemGroup>
</Project>